// !$*UTF8*$!
{
	archiveVersion = 1;
	classes = {
	};
	objectVersion = 50;
	objects = {

/* Begin PBXBuildFile section */
		CE46C88325E8D46B00C025E6 /* Storyboard.swift in Sources */ = {isa = PBXBuildFile; fileRef = CE46C88225E8D46B00C025E6 /* Storyboard.swift */; };
		CE46C88625E8D4B400C025E6 /* REQRESViewController.swift in Sources */ = {isa = PBXBuildFile; fileRef = CE46C88525E8D4B400C025E6 /* REQRESViewController.swift */; };
		CE46C88925E8D4D100C025E6 /* BaseViewController.swift in Sources */ = {isa = PBXBuildFile; fileRef = CE46C88825E8D4D100C025E6 /* BaseViewController.swift */; };
		CE46C88C25E8D5DC00C025E6 /* BaseTableViewCell.swift in Sources */ = {isa = PBXBuildFile; fileRef = CE46C88B25E8D5DC00C025E6 /* BaseTableViewCell.swift */; };
		CE46C88F25E8D5FD00C025E6 /* View.swift in Sources */ = {isa = PBXBuildFile; fileRef = CE46C88E25E8D5FD00C025E6 /* View.swift */; };
		CE46C89325E8D63C00C025E6 /* LISTUSERSCell.swift in Sources */ = {isa = PBXBuildFile; fileRef = CE46C89125E8D63C00C025E6 /* LISTUSERSCell.swift */; };
		CE46C89425E8D63C00C025E6 /* LISTUSERSCell.xib in Resources */ = {isa = PBXBuildFile; fileRef = CE46C89225E8D63C00C025E6 /* LISTUSERSCell.xib */; };
		CE46C89725E8D7B300C025E6 /* BaseRouter.swift in Sources */ = {isa = PBXBuildFile; fileRef = CE46C89625E8D7B300C025E6 /* BaseRouter.swift */; };
		CE46C89925E8D85000C025E6 /* Data.swift in Sources */ = {isa = PBXBuildFile; fileRef = CE46C89825E8D85000C025E6 /* Data.swift */; };
		CE46C89C25E8D8E500C025E6 /* ListUserModel.swift in Sources */ = {isa = PBXBuildFile; fileRef = CE46C89B25E8D8E500C025E6 /* ListUserModel.swift */; };
		CE46C89E25E8E12F00C025E6 /* UIImageView.swift in Sources */ = {isa = PBXBuildFile; fileRef = CE46C89D25E8E12F00C025E6 /* UIImageView.swift */; };
		CE46C8A025E8E32A00C025E6 /* DogAPIViewController.swift in Sources */ = {isa = PBXBuildFile; fileRef = CE46C89F25E8E32A00C025E6 /* DogAPIViewController.swift */; };
		CE46C8A225E8E3C800C025E6 /* DogModel.swift in Sources */ = {isa = PBXBuildFile; fileRef = CE46C8A125E8E3C800C025E6 /* DogModel.swift */; };
		CE46C8A425E8EC5F00C025E6 /* NaSaModel.swift in Sources */ = {isa = PBXBuildFile; fileRef = CE46C8A325E8EC5F00C025E6 /* NaSaModel.swift */; };
		CE46C8A625E8F7FC00C025E6 /* ShowViewController.swift in Sources */ = {isa = PBXBuildFile; fileRef = CE46C8A525E8F7FC00C025E6 /* ShowViewController.swift */; };
		CEE56376219E520300FF4679 /* AppDelegate.swift in Sources */ = {isa = PBXBuildFile; fileRef = CEE56375219E520300FF4679 /* AppDelegate.swift */; };
		CEE56378219E520300FF4679 /* ViewController.swift in Sources */ = {isa = PBXBuildFile; fileRef = CEE56377219E520300FF4679 /* ViewController.swift */; };
		CEE5637B219E520300FF4679 /* Main.storyboard in Resources */ = {isa = PBXBuildFile; fileRef = CEE56379219E520300FF4679 /* Main.storyboard */; };
		CEE5637D219E520400FF4679 /* Assets.xcassets in Resources */ = {isa = PBXBuildFile; fileRef = CEE5637C219E520400FF4679 /* Assets.xcassets */; };
		CEE56380219E520400FF4679 /* LaunchScreen.storyboard in Resources */ = {isa = PBXBuildFile; fileRef = CEE5637E219E520400FF4679 /* LaunchScreen.storyboard */; };
/* End PBXBuildFile section */

/* Begin PBXFileReference section */
		CE46C88225E8D46B00C025E6 /* Storyboard.swift */ = {isa = PBXFileReference; lastKnownFileType = sourcecode.swift; path = Storyboard.swift; sourceTree = "<group>"; };
		CE46C88525E8D4B400C025E6 /* REQRESViewController.swift */ = {isa = PBXFileReference; lastKnownFileType = sourcecode.swift; path = REQRESViewController.swift; sourceTree = "<group>"; };
		CE46C88825E8D4D100C025E6 /* BaseViewController.swift */ = {isa = PBXFileReference; lastKnownFileType = sourcecode.swift; path = BaseViewController.swift; sourceTree = "<group>"; };
		CE46C88B25E8D5DC00C025E6 /* BaseTableViewCell.swift */ = {isa = PBXFileReference; lastKnownFileType = sourcecode.swift; path = BaseTableViewCell.swift; sourceTree = "<group>"; };
		CE46C88E25E8D5FD00C025E6 /* View.swift */ = {isa = PBXFileReference; lastKnownFileType = sourcecode.swift; path = View.swift; sourceTree = "<group>"; };
		CE46C89125E8D63C00C025E6 /* LISTUSERSCell.swift */ = {isa = PBXFileReference; lastKnownFileType = sourcecode.swift; path = LISTUSERSCell.swift; sourceTree = "<group>"; };
		CE46C89225E8D63C00C025E6 /* LISTUSERSCell.xib */ = {isa = PBXFileReference; lastKnownFileType = file.xib; path = LISTUSERSCell.xib; sourceTree = "<group>"; };
		CE46C89625E8D7B300C025E6 /* BaseRouter.swift */ = {isa = PBXFileReference; lastKnownFileType = sourcecode.swift; path = BaseRouter.swift; sourceTree = "<group>"; };
		CE46C89825E8D85000C025E6 /* Data.swift */ = {isa = PBXFileReference; lastKnownFileType = sourcecode.swift; path = Data.swift; sourceTree = "<group>"; };
		CE46C89B25E8D8E500C025E6 /* ListUserModel.swift */ = {isa = PBXFileReference; lastKnownFileType = sourcecode.swift; path = ListUserModel.swift; sourceTree = "<group>"; };
		CE46C89D25E8E12F00C025E6 /* UIImageView.swift */ = {isa = PBXFileReference; lastKnownFileType = sourcecode.swift; path = UIImageView.swift; sourceTree = "<group>"; };
		CE46C89F25E8E32A00C025E6 /* DogAPIViewController.swift */ = {isa = PBXFileReference; lastKnownFileType = sourcecode.swift; path = DogAPIViewController.swift; sourceTree = "<group>"; };
		CE46C8A125E8E3C800C025E6 /* DogModel.swift */ = {isa = PBXFileReference; lastKnownFileType = sourcecode.swift; path = DogModel.swift; sourceTree = "<group>"; };
		CE46C8A325E8EC5F00C025E6 /* NaSaModel.swift */ = {isa = PBXFileReference; lastKnownFileType = sourcecode.swift; path = NaSaModel.swift; sourceTree = "<group>"; };
		CE46C8A525E8F7FC00C025E6 /* ShowViewController.swift */ = {isa = PBXFileReference; lastKnownFileType = sourcecode.swift; path = ShowViewController.swift; sourceTree = "<group>"; };
		CEE56372219E520300FF4679 /* PullToRefresh6.app */ = {isa = PBXFileReference; explicitFileType = wrapper.application; includeInIndex = 0; path = PullToRefresh6.app; sourceTree = BUILT_PRODUCTS_DIR; };
		CEE56375219E520300FF4679 /* AppDelegate.swift */ = {isa = PBXFileReference; lastKnownFileType = sourcecode.swift; path = AppDelegate.swift; sourceTree = "<group>"; };
		CEE56377219E520300FF4679 /* ViewController.swift */ = {isa = PBXFileReference; lastKnownFileType = sourcecode.swift; path = ViewController.swift; sourceTree = "<group>"; };
		CEE5637A219E520300FF4679 /* Base */ = {isa = PBXFileReference; lastKnownFileType = file.storyboard; name = Base; path = Base.lproj/Main.storyboard; sourceTree = "<group>"; };
		CEE5637C219E520400FF4679 /* Assets.xcassets */ = {isa = PBXFileReference; lastKnownFileType = folder.assetcatalog; path = Assets.xcassets; sourceTree = "<group>"; };
		CEE5637F219E520400FF4679 /* Base */ = {isa = PBXFileReference; lastKnownFileType = file.storyboard; name = Base; path = Base.lproj/LaunchScreen.storyboard; sourceTree = "<group>"; };
		CEE56381219E520400FF4679 /* Info.plist */ = {isa = PBXFileReference; lastKnownFileType = text.plist.xml; path = Info.plist; sourceTree = "<group>"; };
/* End PBXFileReference section */

/* Begin PBXFrameworksBuildPhase section */
		CEE5636F219E520300FF4679 /* Frameworks */ = {
			isa = PBXFrameworksBuildPhase;
			buildActionMask = 2147483647;
			files = (
			);
			runOnlyForDeploymentPostprocessing = 0;
		};
/* End PBXFrameworksBuildPhase section */

/* Begin PBXGroup section */
		CE46C88425E8D49700C025E6 /* Controller */ = {
			isa = PBXGroup;
			children = (
				CE46C88525E8D4B400C025E6 /* REQRESViewController.swift */,
				CE46C89F25E8E32A00C025E6 /* DogAPIViewController.swift */,
				CE46C8A525E8F7FC00C025E6 /* ShowViewController.swift */,
			);
			path = Controller;
			sourceTree = "<group>";
		};
		CE46C88725E8D4BF00C025E6 /* Base */ = {
			isa = PBXGroup;
			children = (
				CE46C88825E8D4D100C025E6 /* BaseViewController.swift */,
				CE46C88B25E8D5DC00C025E6 /* BaseTableViewCell.swift */,
			);
			path = Base;
			sourceTree = "<group>";
		};
		CE46C88A25E8D5C800C025E6 /* View */ = {
			isa = PBXGroup;
			children = (
				CE46C89025E8D62100C025E6 /* LIST USERS */,
			);
			path = View;
			sourceTree = "<group>";
		};
		CE46C88D25E8D5F000C025E6 /* Extension */ = {
			isa = PBXGroup;
			children = (
				CE46C88E25E8D5FD00C025E6 /* View.swift */,
				CE46C89825E8D85000C025E6 /* Data.swift */,
				CE46C89D25E8E12F00C025E6 /* UIImageView.swift */,
			);
			path = Extension;
			sourceTree = "<group>";
		};
		CE46C89025E8D62100C025E6 /* LIST USERS */ = {
			isa = PBXGroup;
			children = (
				CE46C89125E8D63C00C025E6 /* LISTUSERSCell.swift */,
				CE46C89225E8D63C00C025E6 /* LISTUSERSCell.xib */,
			);
			path = "LIST USERS";
			sourceTree = "<group>";
		};
		CE46C89525E8D7A000C025E6 /* BaseRouter */ = {
			isa = PBXGroup;
			children = (
				CE46C89625E8D7B300C025E6 /* BaseRouter.swift */,
			);
			path = BaseRouter;
			sourceTree = "<group>";
		};
		CE46C89A25E8D8D400C025E6 /* Model */ = {
			isa = PBXGroup;
			children = (
				CE46C89B25E8D8E500C025E6 /* ListUserModel.swift */,
				CE46C8A125E8E3C800C025E6 /* DogModel.swift */,
				CE46C8A325E8EC5F00C025E6 /* NaSaModel.swift */,
			);
			path = Model;
			sourceTree = "<group>";
		};
		CEE56369219E520300FF4679 = {
			isa = PBXGroup;
			children = (
				CEE56374219E520300FF4679 /* PullToRefresh6 */,
				CEE56373219E520300FF4679 /* Products */,
			);
			sourceTree = "<group>";
		};
		CEE56373219E520300FF4679 /* Products */ = {
			isa = PBXGroup;
			children = (
				CEE56372219E520300FF4679 /* PullToRefresh6.app */,
			);
			name = Products;
			sourceTree = "<group>";
		};
		CEE56374219E520300FF4679 /* PullToRefresh6 */ = {
			isa = PBXGroup;
			children = (
				CEE56375219E520300FF4679 /* AppDelegate.swift */,
				CEE56377219E520300FF4679 /* ViewController.swift */,
				CE46C89A25E8D8D400C025E6 /* Model */,
				CE46C89525E8D7A000C025E6 /* BaseRouter */,
				CE46C88D25E8D5F000C025E6 /* Extension */,
				CE46C88A25E8D5C800C025E6 /* View */,
				CE46C88725E8D4BF00C025E6 /* Base */,
				CE46C88425E8D49700C025E6 /* Controller */,
				CE46C88225E8D46B00C025E6 /* Storyboard.swift */,
				CEE56379219E520300FF4679 /* Main.storyboard */,
				CEE5637C219E520400FF4679 /* Assets.xcassets */,
				CEE5637E219E520400FF4679 /* LaunchScreen.storyboard */,
				CEE56381219E520400FF4679 /* Info.plist */,
			);
			path = PullToRefresh6;
			sourceTree = "<group>";
		};
/* End PBXGroup section */

/* Begin PBXNativeTarget section */
		CEE56371219E520300FF4679 /* PullToRefresh6 */ = {
			isa = PBXNativeTarget;
			buildConfigurationList = CEE56384219E520400FF4679 /* Build configuration list for PBXNativeTarget "PullToRefresh6" */;
			buildPhases = (
				CEE5636E219E520300FF4679 /* Sources */,
				CEE5636F219E520300FF4679 /* Frameworks */,
				CEE56370219E520300FF4679 /* Resources */,
			);
			buildRules = (
			);
			dependencies = (
			);
			name = PullToRefresh6;
			productName = PullToRefresh6;
			productReference = CEE56372219E520300FF4679 /* PullToRefresh6.app */;
			productType = "com.apple.product-type.application";
		};
/* End PBXNativeTarget section */

/* Begin PBXProject section */
		CEE5636A219E520300FF4679 /* Project object */ = {
			isa = PBXProject;
			attributes = {
				LastSwiftUpdateCheck = 1000;
				LastUpgradeCheck = 1000;
				ORGANIZATIONNAME = duycuong;
				TargetAttributes = {
					CEE56371219E520300FF4679 = {
						CreatedOnToolsVersion = 10.0;
					};
				};
			};
			buildConfigurationList = CEE5636D219E520300FF4679 /* Build configuration list for PBXProject "PullToRefresh6" */;
			compatibilityVersion = "Xcode 9.3";
			developmentRegion = en;
			hasScannedForEncodings = 0;
			knownRegions = (
				en,
				Base,
			);
			mainGroup = CEE56369219E520300FF4679;
			productRefGroup = CEE56373219E520300FF4679 /* Products */;
			projectDirPath = "";
			projectRoot = "";
			targets = (
				CEE56371219E520300FF4679 /* PullToRefresh6 */,
			);
		};
/* End PBXProject section */

/* Begin PBXResourcesBuildPhase section */
		CEE56370219E520300FF4679 /* Resources */ = {
			isa = PBXResourcesBuildPhase;
			buildActionMask = 2147483647;
			files = (
				CE46C89425E8D63C00C025E6 /* LISTUSERSCell.xib in Resources */,
				CEE56380219E520400FF4679 /* LaunchScreen.storyboard in Resources */,
				CEE5637D219E520400FF4679 /* Assets.xcassets in Resources */,
				CEE5637B219E520300FF4679 /* Main.storyboard in Resources */,
			);
			runOnlyForDeploymentPostprocessing = 0;
		};
/* End PBXResourcesBuildPhase section */

/* Begin PBXSourcesBuildPhase section */
		CEE5636E219E520300FF4679 /* Sources */ = {
			isa = PBXSourcesBuildPhase;
			buildActionMask = 2147483647;
			files = (
				CE46C8A025E8E32A00C025E6 /* DogAPIViewController.swift in Sources */,
				CE46C88925E8D4D100C025E6 /* BaseViewController.swift in Sources */,
				CE46C89925E8D85000C025E6 /* Data.swift in Sources */,
				CE46C8A625E8F7FC00C025E6 /* ShowViewController.swift in Sources */,
				CE46C89725E8D7B300C025E6 /* BaseRouter.swift in Sources */,
				CEE56378219E520300FF4679 /* ViewController.swift in Sources */,
				CE46C89E25E8E12F00C025E6 /* UIImageView.swift in Sources */,
				CE46C8A225E8E3C800C025E6 /* DogModel.swift in Sources */,
				CE46C88325E8D46B00C025E6 /* Storyboard.swift in Sources */,
				CE46C88625E8D4B400C025E6 /* REQRESViewController.swift in Sources */,
				CE46C8A425E8EC5F00C025E6 /* NaSaModel.swift in Sources */,
				CE46C89325E8D63C00C025E6 /* LISTUSERSCell.swift in Sources */,
				CE46C88C25E8D5DC00C025E6 /* BaseTableViewCell.swift in Sources */,
				CE46C88F25E8D5FD00C025E6 /* View.swift in Sources */,
				CE46C89C25E8D8E500C025E6 /* ListUserModel.swift in Sources */,
				CEE56376219E520300FF4679 /* AppDelegate.swift in Sources */,
			);
			runOnlyForDeploymentPostprocessing = 0;
		};
/* End PBXSourcesBuildPhase section */

/* Begin PBXVariantGroup section */
		CEE56379219E520300FF4679 /* Main.storyboard */ = {
			isa = PBXVariantGroup;
			children = (
				CEE5637A219E520300FF4679 /* Base */,
			);
			name = Main.storyboard;
			sourceTree = "<group>";
		};
		CEE5637E219E520400FF4679 /* LaunchScreen.storyboard */ = {
			isa = PBXVariantGroup;
			children = (
				CEE5637F219E520400FF4679 /* Base */,
			);
			name = LaunchScreen.storyboard;
			sourceTree = "<group>";
		};
/* End PBXVariantGroup section */

/* Begin XCBuildConfiguration section */
		CEE56382219E520400FF4679 /* Debug */ = {
			isa = XCBuildConfiguration;
			buildSettings = {
				ALWAYS_SEARCH_USER_PATHS = NO;
				CLANG_ANALYZER_NONNULL = YES;
				CLANG_ANALYZER_NUMBER_OBJECT_CONVERSION = YES_AGGRESSIVE;
				CLANG_CXX_LANGUAGE_STANDARD = "gnu++14";
				CLANG_CXX_LIBRARY = "libc++";
				CLANG_ENABLE_MODULES = YES;
				CLANG_ENABLE_OBJC_ARC = YES;
				CLANG_ENABLE_OBJC_WEAK = YES;
				CLANG_WARN_BLOCK_CAPTURE_AUTORELEASING = YES;
				CLANG_WARN_BOOL_CONVERSION = YES;
				CLANG_WARN_COMMA = YES;
				CLANG_WARN_CONSTANT_CONVERSION = YES;
				CLANG_WARN_DEPRECATED_OBJC_IMPLEMENTATIONS = YES;
				CLANG_WARN_DIRECT_OBJC_ISA_USAGE = YES_ERROR;
				CLANG_WARN_DOCUMENTATION_COMMENTS = YES;
				CLANG_WARN_EMPTY_BODY = YES;
				CLANG_WARN_ENUM_CONVERSION = YES;
				CLANG_WARN_INFINITE_RECURSION = YES;
				CLANG_WARN_INT_CONVERSION = YES;
				CLANG_WARN_NON_LITERAL_NULL_CONVERSION = YES;
				CLANG_WARN_OBJC_IMPLICIT_RETAIN_SELF = YES;
				CLANG_WARN_OBJC_LITERAL_CONVERSION = YES;
				CLANG_WARN_OBJC_ROOT_CLASS = YES_ERROR;
				CLANG_WARN_RANGE_LOOP_ANALYSIS = YES;
				CLANG_WARN_STRICT_PROTOTYPES = YES;
				CLANG_WARN_SUSPICIOUS_MOVE = YES;
				CLANG_WARN_UNGUARDED_AVAILABILITY = YES_AGGRESSIVE;
				CLANG_WARN_UNREACHABLE_CODE = YES;
				CLANG_WARN__DUPLICATE_METHOD_MATCH = YES;
				CODE_SIGN_IDENTITY = "iPhone Developer";
				COPY_PHASE_STRIP = NO;
				DEBUG_INFORMATION_FORMAT = dwarf;
				ENABLE_STRICT_OBJC_MSGSEND = YES;
				ENABLE_TESTABILITY = YES;
				GCC_C_LANGUAGE_STANDARD = gnu11;
				GCC_DYNAMIC_NO_PIC = NO;
				GCC_NO_COMMON_BLOCKS = YES;
				GCC_OPTIMIZATION_LEVEL = 0;
				GCC_PREPROCESSOR_DEFINITIONS = (
					"DEBUG=1",
					"$(inherited)",
				);
				GCC_WARN_64_TO_32_BIT_CONVERSION = YES;
				GCC_WARN_ABOUT_RETURN_TYPE = YES_ERROR;
				GCC_WARN_UNDECLARED_SELECTOR = YES;
				GCC_WARN_UNINITIALIZED_AUTOS = YES_AGGRESSIVE;
				GCC_WARN_UNUSED_FUNCTION = YES;
				GCC_WARN_UNUSED_VARIABLE = YES;
				IPHONEOS_DEPLOYMENT_TARGET = 12.0;
				MTL_ENABLE_DEBUG_INFO = INCLUDE_SOURCE;
				MTL_FAST_MATH = YES;
				ONLY_ACTIVE_ARCH = YES;
				SDKROOT = iphoneos;
				SWIFT_ACTIVE_COMPILATION_CONDITIONS = DEBUG;
				SWIFT_OPTIMIZATION_LEVEL = "-Onone";
			};
			name = Debug;
		};
		CEE56383219E520400FF4679 /* Release */ = {
			isa = XCBuildConfiguration;
			buildSettings = {
				ALWAYS_SEARCH_USER_PATHS = NO;
				CLANG_ANALYZER_NONNULL = YES;
				CLANG_ANALYZER_NUMBER_OBJECT_CONVERSION = YES_AGGRESSIVE;
				CLANG_CXX_LANGUAGE_STANDARD = "gnu++14";
				CLANG_CXX_LIBRARY = "libc++";
				CLANG_ENABLE_MODULES = YES;
				CLANG_ENABLE_OBJC_ARC = YES;
				CLANG_ENABLE_OBJC_WEAK = YES;
				CLANG_WARN_BLOCK_CAPTURE_AUTORELEASING = YES;
				CLANG_WARN_BOOL_CONVERSION = YES;
				CLANG_WARN_COMMA = YES;
				CLANG_WARN_CONSTANT_CONVERSION = YES;
				CLANG_WARN_DEPRECATED_OBJC_IMPLEMENTATIONS = YES;
				CLANG_WARN_DIRECT_OBJC_ISA_USAGE = YES_ERROR;
				CLANG_WARN_DOCUMENTATION_COMMENTS = YES;
				CLANG_WARN_EMPTY_BODY = YES;
				CLANG_WARN_ENUM_CONVERSION = YES;
				CLANG_WARN_INFINITE_RECURSION = YES;
				CLANG_WARN_INT_CONVERSION = YES;
				CLANG_WARN_NON_LITERAL_NULL_CONVERSION = YES;
				CLANG_WARN_OBJC_IMPLICIT_RETAIN_SELF = YES;
				CLANG_WARN_OBJC_LITERAL_CONVERSION = YES;
				CLANG_WARN_OBJC_ROOT_CLASS = YES_ERROR;
				CLANG_WARN_RANGE_LOOP_ANALYSIS = YES;
				CLANG_WARN_STRICT_PROTOTYPES = YES;
				CLANG_WARN_SUSPICIOUS_MOVE = YES;
				CLANG_WARN_UNGUARDED_AVAILABILITY = YES_AGGRESSIVE;
				CLANG_WARN_UNREACHABLE_CODE = YES;
				CLANG_WARN__DUPLICATE_METHOD_MATCH = YES;
				CODE_SIGN_IDENTITY = "iPhone Developer";
				COPY_PHASE_STRIP = NO;
				DEBUG_INFORMATION_FORMAT = "dwarf-with-dsym";
				ENABLE_NS_ASSERTIONS = NO;
				ENABLE_STRICT_OBJC_MSGSEND = YES;
				GCC_C_LANGUAGE_STANDARD = gnu11;
				GCC_NO_COMMON_BLOCKS = YES;
				GCC_WARN_64_TO_32_BIT_CONVERSION = YES;
				GCC_WARN_ABOUT_RETURN_TYPE = YES_ERROR;
				GCC_WARN_UNDECLARED_SELECTOR = YES;
				GCC_WARN_UNINITIALIZED_AUTOS = YES_AGGRESSIVE;
				GCC_WARN_UNUSED_FUNCTION = YES;
				GCC_WARN_UNUSED_VARIABLE = YES;
				IPHONEOS_DEPLOYMENT_TARGET = 12.0;
				MTL_ENABLE_DEBUG_INFO = NO;
				MTL_FAST_MATH = YES;
				SDKROOT = iphoneos;
				SWIFT_COMPILATION_MODE = wholemodule;
				SWIFT_OPTIMIZATION_LEVEL = "-O";
				VALIDATE_PRODUCT = YES;
			};
			name = Release;
		};
		CEE56385219E520400FF4679 /* Debug */ = {
			isa = XCBuildConfiguration;
			buildSettings = {
				ASSETCATALOG_COMPILER_APPICON_NAME = AppIcon;
				CODE_SIGN_STYLE = Automatic;
				INFOPLIST_FILE = PullToRefresh6/Info.plist;
				IPHONEOS_DEPLOYMENT_TARGET = 13.0;
				LD_RUNPATH_SEARCH_PATHS = (
					"$(inherited)",
					"@executable_path/Frameworks",
				);
				PRODUCT_BUNDLE_IDENTIFIER = duycuongB0.PullToRefresh6;
				PRODUCT_NAME = "$(TARGET_NAME)";
				SWIFT_VERSION = 4.2;
				TARGETED_DEVICE_FAMILY = "1,2";
			};
			name = Debug;
		};
		CEE56386219E520400FF4679 /* Release */ = {
			isa = XCBuildConfiguration;
			buildSettings = {
				ASSETCATALOG_COMPILER_APPICON_NAME = AppIcon;
				CODE_SIGN_STYLE = Automatic;
				INFOPLIST_FILE = PullToRefresh6/Info.plist;
				IPHONEOS_DEPLOYMENT_TARGET = 13.0;
				LD_RUNPATH_SEARCH_PATHS = (
					"$(inherited)",
					"@executable_path/Frameworks",
				);
				PRODUCT_BUNDLE_IDENTIFIER = duycuongB0.PullToRefresh6;
				PRODUCT_NAME = "$(TARGET_NAME)";
				SWIFT_VERSION = 4.2;
				TARGETED_DEVICE_FAMILY = "1,2";
			};
			name = Release;
		};
/* End XCBuildConfiguration section */

/* Begin XCConfigurationList section */
		CEE5636D219E520300FF4679 /* Build configuration list for PBXProject "PullToRefresh6" */ = {
			isa = XCConfigurationList;
			buildConfigurations = (
				CEE56382219E520400FF4679 /* Debug */,
				CEE56383219E520400FF4679 /* Release */,
			);
			defaultConfigurationIsVisible = 0;
			defaultConfigurationName = Release;
		};
		CEE56384219E520400FF4679 /* Build configuration list for PBXNativeTarget "PullToRefresh6" */ = {
			isa = XCConfigurationList;
			buildConfigurations = (
				CEE56385219E520400FF4679 /* Debug */,
				CEE56386219E520400FF4679 /* Release */,
			);
			defaultConfigurationIsVisible = 0;
			defaultConfigurationName = Release;
		};
/* End XCConfigurationList section */
	};
	rootObject = CEE5636A219E520300FF4679 /* Project object */;
}
